
Microsoft Visual Studio Solution File, Format Version 12.00
# Visual Studio Version 17
VisualStudioVersion = 17.0.31903.59
MinimumVisualStudioVersion = 10.0.40219.1
Project("{2150E333-8FDC-42A3-9474-1A3956D46DE8}") = "API", "API", "{D2E75056-08B6-443E-A0C7-B47B0AFEBBB3}"
EndProject
Project("{2150E333-8FDC-42A3-9474-1A3956D46DE8}") = "Main", "Main", "{AB02753C-F905-4157-9087-D7B992D57916}"
EndProject
Project("{2150E333-8FDC-42A3-9474-1A3956D46DE8}") = "API", "API", "{1B387D4B-4622-4F0E-9FA5-DF2BF80ABD8A}"
EndProject
Project("{2150E333-8FDC-42A3-9474-1A3956D46DE8}") = "Core", "Core", "{E5A563A6-C887-4724-8FD2-34B015A1E5DB}"
EndProject
Project("{2150E333-8FDC-42A3-9474-1A3956D46DE8}") = "Data", "Data", "{951CB6F5-A4D8-47F8-9D7F-E49D1765F6D3}"
EndProject
Project("{2150E333-8FDC-42A3-9474-1A3956D46DE8}") = "Service", "Service", "{1A8D4684-524D-4BB8-86BF-A4D25643C214}"
EndProject
Project("{2150E333-8FDC-42A3-9474-1A3956D46DE8}") = "Webframework", "Webframework", "{9B80B3D7-D366-42E1-B876-AEE82E25BC23}"
EndProject
Project("{9A19103F-16F7-4668-BE54-9A1E7A4F7556}") = "SimpleExpenseManagement.Core", "API\Main\Core\SimpleExpenseManagement.Core\SimpleExpenseManagement.Core.csproj", "{9E3F0D40-CD49-4CB9-B938-ABF49788A041}"
EndProject
Project("{2150E333-8FDC-42A3-9474-1A3956D46DE8}") = "Shared", "Shared", "{DFEF3235-7A03-4A18-8C9C-504BD0B3B4CB}"
EndProject
Project("{2150E333-8FDC-42A3-9474-1A3956D46DE8}") = "Constants", "Constants", "{28522612-F18C-4924-8CF5-AF243C4C4382}"
EndProject
Project("{9A19103F-16F7-4668-BE54-9A1E7A4F7556}") = "SimpleExpenseManagement.Constants", "Shared\Constants\SimpleExpenseManagement.Constants\SimpleExpenseManagement.Constants.csproj", "{5D35364B-4F88-45A8-8C27-3A4B7947E545}"
EndProject
Project("{9A19103F-16F7-4668-BE54-9A1E7A4F7556}") = "SimpleExpenseManagement.Data", "API\Main\Data\SimpleExpenseManagement.Data\SimpleExpenseManagement.Data.csproj", "{CAEC9364-6B32-42EE-A9C8-8F1023345C79}"
EndProject
Project("{9A19103F-16F7-4668-BE54-9A1E7A4F7556}") = "SimpleExpenseManagement.Service", "API\Main\Service\SimpleExpenseManagement.Service\SimpleExpenseManagement.Service.csproj", "{5689ABB4-A6C0-4A72-BB8B-8749EFD21ABE}"
EndProject
Project("{9A19103F-16F7-4668-BE54-9A1E7A4F7556}") = "SimpleExpenseManagement.Webframework", "API\Main\Webframework\SimpleExpenseManagement.Webframework\SimpleExpenseManagement.Webframework.csproj", "{98FAFDEB-D20D-428F-AEE5-D3FC188A9C38}"
EndProject
Project("{9A19103F-16F7-4668-BE54-9A1E7A4F7556}") = "SimpleExpenseManagement.API", "API\Main\API\SimpleExpenseManagement.API\SimpleExpenseManagement.API.csproj", "{FB910C2D-0300-4F9A-A81C-BA3DE0D1DB09}"
EndProject
Project("{2150E333-8FDC-42A3-9474-1A3956D46DE8}") = "Shared", "Shared", "{F4FD43EA-CE11-4471-812F-AA50B6DD57A7}"
EndProject
Project("{9A19103F-16F7-4668-BE54-9A1E7A4F7556}") = "SimpleExpenseManagement.Share", "Shared\Shared\SimpleExpenseManagement.Share\SimpleExpenseManagement.Share.csproj", "{BBD5B0A8-BECE-4C5D-B1D9-A6FF844A2E8C}"
EndProject
Project("{2150E333-8FDC-42A3-9474-1A3956D46DE8}") = "UI", "UI", "{FE9F3DCD-881F-493A-954F-E7E009A944BD}"
EndProject
Project("{2150E333-8FDC-42A3-9474-1A3956D46DE8}") = "Main", "Main", "{727BD09A-1F60-4642-A3F9-344791D0F6AC}"
EndProject
Project("{9A19103F-16F7-4668-BE54-9A1E7A4F7556}") = "SimpleExpenseManagement.UI", "UI\Main\SimpleExpenseManagement.UI\SimpleExpenseManagement.UI.csproj", "{FFCC4F73-295B-4DD9-9BF0-91CB9F0EC0D0}"
EndProject
Global
	GlobalSection(SolutionConfigurationPlatforms) = preSolution
		Debug|Any CPU = Debug|Any CPU
		Release|Any CPU = Release|Any CPU
	EndGlobalSection
	GlobalSection(ProjectConfigurationPlatforms) = postSolution
		{9E3F0D40-CD49-4CB9-B938-ABF49788A041}.Debug|Any CPU.ActiveCfg = Debug|Any CPU
		{9E3F0D40-CD49-4CB9-B938-ABF49788A041}.Debug|Any CPU.Build.0 = Debug|Any CPU
		{9E3F0D40-CD49-4CB9-B938-ABF49788A041}.Release|Any CPU.ActiveCfg = Release|Any CPU
		{9E3F0D40-CD49-4CB9-B938-ABF49788A041}.Release|Any CPU.Build.0 = Release|Any CPU
		{5D35364B-4F88-45A8-8C27-3A4B7947E545}.Debug|Any CPU.ActiveCfg = Debug|Any CPU
		{5D35364B-4F88-45A8-8C27-3A4B7947E545}.Debug|Any CPU.Build.0 = Debug|Any CPU
		{5D35364B-4F88-45A8-8C27-3A4B7947E545}.Release|Any CPU.ActiveCfg = Release|Any CPU
		{5D35364B-4F88-45A8-8C27-3A4B7947E545}.Release|Any CPU.Build.0 = Release|Any CPU
		{CAEC9364-6B32-42EE-A9C8-8F1023345C79}.Debug|Any CPU.ActiveCfg = Debug|Any CPU
		{CAEC9364-6B32-42EE-A9C8-8F1023345C79}.Debug|Any CPU.Build.0 = Debug|Any CPU
		{CAEC9364-6B32-42EE-A9C8-8F1023345C79}.Release|Any CPU.ActiveCfg = Release|Any CPU
		{CAEC9364-6B32-42EE-A9C8-8F1023345C79}.Release|Any CPU.Build.0 = Release|Any CPU
		{5689ABB4-A6C0-4A72-BB8B-8749EFD21ABE}.Debug|Any CPU.ActiveCfg = Debug|Any CPU
		{5689ABB4-A6C0-4A72-BB8B-8749EFD21ABE}.Debug|Any CPU.Build.0 = Debug|Any CPU
		{5689ABB4-A6C0-4A72-BB8B-8749EFD21ABE}.Release|Any CPU.ActiveCfg = Release|Any CPU
		{5689ABB4-A6C0-4A72-BB8B-8749EFD21ABE}.Release|Any CPU.Build.0 = Release|Any CPU
		{98FAFDEB-D20D-428F-AEE5-D3FC188A9C38}.Debug|Any CPU.ActiveCfg = Debug|Any CPU
		{98FAFDEB-D20D-428F-AEE5-D3FC188A9C38}.Debug|Any CPU.Build.0 = Debug|Any CPU
		{98FAFDEB-D20D-428F-AEE5-D3FC188A9C38}.Release|Any CPU.ActiveCfg = Release|Any CPU
		{98FAFDEB-D20D-428F-AEE5-D3FC188A9C38}.Release|Any CPU.Build.0 = Release|Any CPU
		{FB910C2D-0300-4F9A-A81C-BA3DE0D1DB09}.Debug|Any CPU.ActiveCfg = Debug|Any CPU
		{FB910C2D-0300-4F9A-A81C-BA3DE0D1DB09}.Debug|Any CPU.Build.0 = Debug|Any CPU
		{FB910C2D-0300-4F9A-A81C-BA3DE0D1DB09}.Release|Any CPU.ActiveCfg = Release|Any CPU
		{FB910C2D-0300-4F9A-A81C-BA3DE0D1DB09}.Release|Any CPU.Build.0 = Release|Any CPU
		{BBD5B0A8-BECE-4C5D-B1D9-A6FF844A2E8C}.Debug|Any CPU.ActiveCfg = Debug|Any CPU
		{BBD5B0A8-BECE-4C5D-B1D9-A6FF844A2E8C}.Debug|Any CPU.Build.0 = Debug|Any CPU
		{BBD5B0A8-BECE-4C5D-B1D9-A6FF844A2E8C}.Release|Any CPU.ActiveCfg = Release|Any CPU
		{BBD5B0A8-BECE-4C5D-B1D9-A6FF844A2E8C}.Release|Any CPU.Build.0 = Release|Any CPU
		{FFCC4F73-295B-4DD9-9BF0-91CB9F0EC0D0}.Debug|Any CPU.ActiveCfg = Debug|Any CPU
		{FFCC4F73-295B-4DD9-9BF0-91CB9F0EC0D0}.Debug|Any CPU.Build.0 = Debug|Any CPU
		{FFCC4F73-295B-4DD9-9BF0-91CB9F0EC0D0}.Release|Any CPU.ActiveCfg = Release|Any CPU
		{FFCC4F73-295B-4DD9-9BF0-91CB9F0EC0D0}.Release|Any CPU.Build.0 = Release|Any CPU
	EndGlobalSection
	GlobalSection(SolutionProperties) = preSolution
		HideSolutionNode = FALSE
	EndGlobalSection
	GlobalSection(NestedProjects) = preSolution
		{AB02753C-F905-4157-9087-D7B992D57916} = {D2E75056-08B6-443E-A0C7-B47B0AFEBBB3}
		{1B387D4B-4622-4F0E-9FA5-DF2BF80ABD8A} = {AB02753C-F905-4157-9087-D7B992D57916}
		{E5A563A6-C887-4724-8FD2-34B015A1E5DB} = {AB02753C-F905-4157-9087-D7B992D57916}
		{951CB6F5-A4D8-47F8-9D7F-E49D1765F6D3} = {AB02753C-F905-4157-9087-D7B992D57916}
		{1A8D4684-524D-4BB8-86BF-A4D25643C214} = {AB02753C-F905-4157-9087-D7B992D57916}
		{9B80B3D7-D366-42E1-B876-AEE82E25BC23} = {AB02753C-F905-4157-9087-D7B992D57916}
		{9E3F0D40-CD49-4CB9-B938-ABF49788A041} = {E5A563A6-C887-4724-8FD2-34B015A1E5DB}
		{28522612-F18C-4924-8CF5-AF243C4C4382} = {DFEF3235-7A03-4A18-8C9C-504BD0B3B4CB}
		{5D35364B-4F88-45A8-8C27-3A4B7947E545} = {28522612-F18C-4924-8CF5-AF243C4C4382}
		{CAEC9364-6B32-42EE-A9C8-8F1023345C79} = {951CB6F5-A4D8-47F8-9D7F-E49D1765F6D3}
		{5689ABB4-A6C0-4A72-BB8B-8749EFD21ABE} = {1A8D4684-524D-4BB8-86BF-A4D25643C214}
		{98FAFDEB-D20D-428F-AEE5-D3FC188A9C38} = {9B80B3D7-D366-42E1-B876-AEE82E25BC23}
		{FB910C2D-0300-4F9A-A81C-BA3DE0D1DB09} = {1B387D4B-4622-4F0E-9FA5-DF2BF80ABD8A}
		{F4FD43EA-CE11-4471-812F-AA50B6DD57A7} = {DFEF3235-7A03-4A18-8C9C-504BD0B3B4CB}
		{BBD5B0A8-BECE-4C5D-B1D9-A6FF844A2E8C} = {F4FD43EA-CE11-4471-812F-AA50B6DD57A7}
		{727BD09A-1F60-4642-A3F9-344791D0F6AC} = {FE9F3DCD-881F-493A-954F-E7E009A944BD}
		{FFCC4F73-295B-4DD9-9BF0-91CB9F0EC0D0} = {727BD09A-1F60-4642-A3F9-344791D0F6AC}
	EndGlobalSection
	GlobalSection(ExtensibilityGlobals) = postSolution
		SolutionGuid = {B8CB8DC3-C886-42FA-A883-9538349BC094}
	EndGlobalSection
EndGlobal
